// !$*UTF8*$!
{
	archiveVersion = 1;
	classes = {
	};
	objectVersion = 55;
	objects = {

/* Begin PBXBuildFile section */
		5D0217A527FB37AC005EB7B2 /* AppDelegate.swift in Sources */ = {isa = PBXBuildFile; fileRef = 5D0217A427FB37AC005EB7B2 /* AppDelegate.swift */; };
		5D0217A727FB37AC005EB7B2 /* SceneDelegate.swift in Sources */ = {isa = PBXBuildFile; fileRef = 5D0217A627FB37AC005EB7B2 /* SceneDelegate.swift */; };
		5D0217A927FB37AC005EB7B2 /* ViewController.swift in Sources */ = {isa = PBXBuildFile; fileRef = 5D0217A827FB37AC005EB7B2 /* ViewController.swift */; };
		5D0217AC27FB37AC005EB7B2 /* Main.storyboard in Resources */ = {isa = PBXBuildFile; fileRef = 5D0217AA27FB37AC005EB7B2 /* Main.storyboard */; };
		5D0217AE27FB37B1005EB7B2 /* Assets.xcassets in Resources */ = {isa = PBXBuildFile; fileRef = 5D0217AD27FB37B1005EB7B2 /* Assets.xcassets */; };
		5D0217B127FB37B1005EB7B2 /* LaunchScreen.storyboard in Resources */ = {isa = PBXBuildFile; fileRef = 5D0217AF27FB37B1005EB7B2 /* LaunchScreen.storyboard */; };
		5D0217B927FB4660005EB7B2 /* Menu1ViewController.swift in Sources */ = {isa = PBXBuildFile; fileRef = 5D0217B827FB4660005EB7B2 /* Menu1ViewController.swift */; };
		5D0217BB27FB4E22005EB7B2 /* MyTableViewCell.swift in Sources */ = {isa = PBXBuildFile; fileRef = 5D0217BA27FB4E22005EB7B2 /* MyTableViewCell.swift */; };
		F764865C5A7FFA6A9CB83050 /* Pods_19CafeApp.framework in Frameworks */ = {isa = PBXBuildFile; fileRef = 4D1C951E2916F05620A87830 /* Pods_19CafeApp.framework */; };
/* End PBXBuildFile section */

/* Begin PBXFileReference section */
		4D1C951E2916F05620A87830 /* Pods_19CafeApp.framework */ = {isa = PBXFileReference; explicitFileType = wrapper.framework; includeInIndex = 0; path = Pods_19CafeApp.framework; sourceTree = BUILT_PRODUCTS_DIR; };
		5D0217A127FB37AC005EB7B2 /* 19CafeApp.app */ = {isa = PBXFileReference; explicitFileType = wrapper.application; includeInIndex = 0; path = 19CafeApp.app; sourceTree = BUILT_PRODUCTS_DIR; };
		5D0217A427FB37AC005EB7B2 /* AppDelegate.swift */ = {isa = PBXFileReference; lastKnownFileType = sourcecode.swift; path = AppDelegate.swift; sourceTree = "<group>"; };
		5D0217A627FB37AC005EB7B2 /* SceneDelegate.swift */ = {isa = PBXFileReference; lastKnownFileType = sourcecode.swift; path = SceneDelegate.swift; sourceTree = "<group>"; };
		5D0217A827FB37AC005EB7B2 /* ViewController.swift */ = {isa = PBXFileReference; lastKnownFileType = sourcecode.swift; path = ViewController.swift; sourceTree = "<group>"; };
		5D0217AB27FB37AC005EB7B2 /* Base */ = {isa = PBXFileReference; lastKnownFileType = file.storyboard; name = Base; path = Base.lproj/Main.storyboard; sourceTree = "<group>"; };
		5D0217AD27FB37B1005EB7B2 /* Assets.xcassets */ = {isa = PBXFileReference; lastKnownFileType = folder.assetcatalog; path = Assets.xcassets; sourceTree = "<group>"; };
		5D0217B027FB37B1005EB7B2 /* Base */ = {isa = PBXFileReference; lastKnownFileType = file.storyboard; name = Base; path = Base.lproj/LaunchScreen.storyboard; sourceTree = "<group>"; };
		5D0217B227FB37B1005EB7B2 /* Info.plist */ = {isa = PBXFileReference; lastKnownFileType = text.plist.xml; path = Info.plist; sourceTree = "<group>"; };
		5D0217B827FB4660005EB7B2 /* Menu1ViewController.swift */ = {isa = PBXFileReference; lastKnownFileType = sourcecode.swift; path = Menu1ViewController.swift; sourceTree = "<group>"; };
		5D0217BA27FB4E22005EB7B2 /* MyTableViewCell.swift */ = {isa = PBXFileReference; lastKnownFileType = sourcecode.swift; path = MyTableViewCell.swift; sourceTree = "<group>"; };
		68134E2395D458A327DC0AF1 /* Pods-19CafeApp.debug.xcconfig */ = {isa = PBXFileReference; includeInIndex = 1; lastKnownFileType = text.xcconfig; name = "Pods-19CafeApp.debug.xcconfig"; path = "Target Support Files/Pods-19CafeApp/Pods-19CafeApp.debug.xcconfig"; sourceTree = "<group>"; };
		8623EF8984C6B54040621935 /* Pods-19CafeApp.release.xcconfig */ = {isa = PBXFileReference; includeInIndex = 1; lastKnownFileType = text.xcconfig; name = "Pods-19CafeApp.release.xcconfig"; path = "Target Support Files/Pods-19CafeApp/Pods-19CafeApp.release.xcconfig"; sourceTree = "<group>"; };
/* End PBXFileReference section */

/* Begin PBXFrameworksBuildPhase section */
		5D02179E27FB37AC005EB7B2 /* Frameworks */ = {
			isa = PBXFrameworksBuildPhase;
			buildActionMask = 2147483647;
			files = (
				F764865C5A7FFA6A9CB83050 /* Pods_19CafeApp.framework in Frameworks */,
			);
			runOnlyForDeploymentPostprocessing = 0;
		};
/* End PBXFrameworksBuildPhase section */

/* Begin PBXGroup section */
		5D02179827FB37AC005EB7B2 = {
			isa = PBXGroup;
			children = (
				5D0217A327FB37AC005EB7B2 /* 19CafeApp */,
				5D0217A227FB37AC005EB7B2 /* Products */,
				B4B3482BCA92F9A5FB3B7C31 /* Pods */,
				BCD08E23E687E60065E64049 /* Frameworks */,
			);
			sourceTree = "<group>";
		};
		5D0217A227FB37AC005EB7B2 /* Products */ = {
			isa = PBXGroup;
			children = (
				5D0217A127FB37AC005EB7B2 /* 19CafeApp.app */,
			);
			name = Products;
			sourceTree = "<group>";
		};
		5D0217A327FB37AC005EB7B2 /* 19CafeApp */ = {
			isa = PBXGroup;
			children = (
				5D0217A427FB37AC005EB7B2 /* AppDelegate.swift */,
				5D0217A627FB37AC005EB7B2 /* SceneDelegate.swift */,
				5D0217A827FB37AC005EB7B2 /* ViewController.swift */,
				5D0217AA27FB37AC005EB7B2 /* Main.storyboard */,
				5D0217B827FB4660005EB7B2 /* Menu1ViewController.swift */,
				5D0217BA27FB4E22005EB7B2 /* MyTableViewCell.swift */,
				5D0217AD27FB37B1005EB7B2 /* Assets.xcassets */,
				5D0217AF27FB37B1005EB7B2 /* LaunchScreen.storyboard */,
				5D0217B227FB37B1005EB7B2 /* Info.plist */,
			);
			path = 19CafeApp;
			sourceTree = "<group>";
		};
		B4B3482BCA92F9A5FB3B7C31 /* Pods */ = {
			isa = PBXGroup;
			children = (
				68134E2395D458A327DC0AF1 /* Pods-19CafeApp.debug.xcconfig */,
				8623EF8984C6B54040621935 /* Pods-19CafeApp.release.xcconfig */,
			);
			path = Pods;
			sourceTree = "<group>";
		};
		BCD08E23E687E60065E64049 /* Frameworks */ = {
			isa = PBXGroup;
			children = (
				4D1C951E2916F05620A87830 /* Pods_19CafeApp.framework */,
			);
			name = Frameworks;
			sourceTree = "<group>";
		};
/* End PBXGroup section */

/* Begin PBXNativeTarget section */
		5D0217A027FB37AC005EB7B2 /* 19CafeApp */ = {
			isa = PBXNativeTarget;
			buildConfigurationList = 5D0217B527FB37B1005EB7B2 /* Build configuration list for PBXNativeTarget "19CafeApp" */;
			buildPhases = (
				4D49814FB61FC52C955DD46C /* [CP] Check Pods Manifest.lock */,
				5D02179D27FB37AC005EB7B2 /* Sources */,
				5D02179E27FB37AC005EB7B2 /* Frameworks */,
				5D02179F27FB37AC005EB7B2 /* Resources */,
				9342D3B930C4CAD884875967 /* [CP] Embed Pods Frameworks */,
			);
			buildRules = (
			);
			dependencies = (
			);
			name = 19CafeApp;
			productName = 19CafeApp;
			productReference = 5D0217A127FB37AC005EB7B2 /* 19CafeApp.app */;
			productType = "com.apple.product-type.application";
		};
/* End PBXNativeTarget section */

/* Begin PBXProject section */
		5D02179927FB37AC005EB7B2 /* Project object */ = {
			isa = PBXProject;
			attributes = {
				BuildIndependentTargetsInParallel = 1;
				LastSwiftUpdateCheck = 1320;
				LastUpgradeCheck = 1320;
				TargetAttributes = {
					5D0217A027FB37AC005EB7B2 = {
						CreatedOnToolsVersion = 13.2.1;
					};
				};
			};
			buildConfigurationList = 5D02179C27FB37AC005EB7B2 /* Build configuration list for PBXProject "19CafeApp" */;
			compatibilityVersion = "Xcode 13.0";
			developmentRegion = en;
			hasScannedForEncodings = 0;
			knownRegions = (
				en,
				Base,
			);
			mainGroup = 5D02179827FB37AC005EB7B2;
			productRefGroup = 5D0217A227FB37AC005EB7B2 /* Products */;
			projectDirPath = "";
			projectRoot = "";
			targets = (
				5D0217A027FB37AC005EB7B2 /* 19CafeApp */,
			);
		};
/* End PBXProject section */

/* Begin PBXResourcesBuildPhase section */
		5D02179F27FB37AC005EB7B2 /* Resources */ = {
			isa = PBXResourcesBuildPhase;
			buildActionMask = 2147483647;
			files = (
				5D0217B127FB37B1005EB7B2 /* LaunchScreen.storyboard in Resources */,
				5D0217AE27FB37B1005EB7B2 /* Assets.xcassets in Resources */,
				5D0217AC27FB37AC005EB7B2 /* Main.storyboard in Resources */,
			);
			runOnlyForDeploymentPostprocessing = 0;
		};
/* End PBXResourcesBuildPhase section */

/* Begin PBXShellScriptBuildPhase section */
		4D49814FB61FC52C955DD46C /* [CP] Check Pods Manifest.lock */ = {
			isa = PBXShellScriptBuildPhase;
			buildActionMask = 2147483647;
			files = (
			);
			inputFileListPaths = (
			);
			inputPaths = (
				"${PODS_PODFILE_DIR_PATH}/Podfile.lock",
				"${PODS_ROOT}/Manifest.lock",
			);
			name = "[CP] Check Pods Manifest.lock";
			outputFileListPaths = (
			);
			outputPaths = (
				"$(DERIVED_FILE_DIR)/Pods-19CafeApp-checkManifestLockResult.txt",
			);
			runOnlyForDeploymentPostprocessing = 0;
			shellPath = /bin/sh;
			shellScript = "diff \"${PODS_PODFILE_DIR_PATH}/Podfile.lock\" \"${PODS_ROOT}/Manifest.lock\" > /dev/null\nif [ $? != 0 ] ; then\n    # print error to STDERR\n    echo \"error: The sandbox is not in sync with the Podfile.lock. Run 'pod install' or update your CocoaPods installation.\" >&2\n    exit 1\nfi\n# This output is used by Xcode 'outputs' to avoid re-running this script phase.\necho \"SUCCESS\" > \"${SCRIPT_OUTPUT_FILE_0}\"\n";
			showEnvVarsInLog = 0;
		};
		9342D3B930C4CAD884875967 /* [CP] Embed Pods Frameworks */ = {
			isa = PBXShellScriptBuildPhase;
			buildActionMask = 2147483647;
			files = (
			);
			inputFileListPaths = (
				"${PODS_ROOT}/Target Support Files/Pods-19CafeApp/Pods-19CafeApp-frameworks-${CONFIGURATION}-input-files.xcfilelist",
			);
			name = "[CP] Embed Pods Frameworks";
			outputFileListPaths = (
				"${PODS_ROOT}/Target Support Files/Pods-19CafeApp/Pods-19CafeApp-frameworks-${CONFIGURATION}-output-files.xcfilelist",
			);
			runOnlyForDeploymentPostprocessing = 0;
			shellPath = /bin/sh;
			shellScript = "\"${PODS_ROOT}/Target Support Files/Pods-19CafeApp/Pods-19CafeApp-frameworks.sh\"\n";
			showEnvVarsInLog = 0;
		};
/* End PBXShellScriptBuildPhase section */

/* Begin PBXSourcesBuildPhase section */
		5D02179D27FB37AC005EB7B2 /* Sources */ = {
			isa = PBXSourcesBuildPhase;
			buildActionMask = 2147483647;
			files = (
				5D0217A927FB37AC005EB7B2 /* ViewController.swift in Sources */,
				5D0217B927FB4660005EB7B2 /* Menu1ViewController.swift in Sources */,
				5D0217A527FB37AC005EB7B2 /* AppDelegate.swift in Sources */,
				5D0217BB27FB4E22005EB7B2 /* MyTableViewCell.swift in Sources */,
				5D0217A727FB37AC005EB7B2 /* SceneDelegate.swift in Sources */,
			);
			runOnlyForDeploymentPostprocessing = 0;
		};
/* End PBXSourcesBuildPhase section */

/* Begin PBXVariantGroup section */
		5D0217AA27FB37AC005EB7B2 /* Main.storyboard */ = {
			isa = PBXVariantGroup;
			children = (
				5D0217AB27FB37AC005EB7B2 /* Base */,
			);
			name = Main.storyboard;
			sourceTree = "<group>";
		};
		5D0217AF27FB37B1005EB7B2 /* LaunchScreen.storyboard */ = {
			isa = PBXVariantGroup;
			children = (
				5D0217B027FB37B1005EB7B2 /* Base */,
			);
			name = LaunchScreen.storyboard;
			sourceTree = "<group>";
		};
/* End PBXVariantGroup section */

/* Begin XCBuildConfiguration section */
		5D0217B327FB37B1005EB7B2 /* Debug */ = {
			isa = XCBuildConfiguration;
			buildSettings = {
				ALWAYS_SEARCH_USER_PATHS = NO;
				CLANG_ANALYZER_NONNULL = YES;
				CLANG_ANALYZER_NUMBER_OBJECT_CONVERSION = YES_AGGRESSIVE;
				CLANG_CXX_LANGUAGE_STANDARD = "gnu++17";
				CLANG_CXX_LIBRARY = "libc++";
				CLANG_ENABLE_MODULES = YES;
				CLANG_ENABLE_OBJC_ARC = YES;
				CLANG_ENABLE_OBJC_WEAK = YES;
				CLANG_WARN_BLOCK_CAPTURE_AUTORELEASING = YES;
				CLANG_WARN_BOOL_CONVERSION = YES;
				CLANG_WARN_COMMA = YES;
				CLANG_WARN_CONSTANT_CONVERSION = YES;
				CLANG_WARN_DEPRECATED_OBJC_IMPLEMENTATIONS = YES;
				CLANG_WARN_DIRECT_OBJC_ISA_USAGE = YES_ERROR;
				CLANG_WARN_DOCUMENTATION_COMMENTS = YES;
				CLANG_WARN_EMPTY_BODY = YES;
				CLANG_WARN_ENUM_CONVERSION = YES;
				CLANG_WARN_INFINITE_RECURSION = YES;
				CLANG_WARN_INT_CONVERSION = YES;
				CLANG_WARN_NON_LITERAL_NULL_CONVERSION = YES;
				CLANG_WARN_OBJC_IMPLICIT_RETAIN_SELF = YES;
				CLANG_WARN_OBJC_LITERAL_CONVERSION = YES;
				CLANG_WARN_OBJC_ROOT_CLASS = YES_ERROR;
				CLANG_WARN_QUOTED_INCLUDE_IN_FRAMEWORK_HEADER = YES;
				CLANG_WARN_RANGE_LOOP_ANALYSIS = YES;
				CLANG_WARN_STRICT_PROTOTYPES = YES;
				CLANG_WARN_SUSPICIOUS_MOVE = YES;
				CLANG_WARN_UNGUARDED_AVAILABILITY = YES_AGGRESSIVE;
				CLANG_WARN_UNREACHABLE_CODE = YES;
				CLANG_WARN__DUPLICATE_METHOD_MATCH = YES;
				COPY_PHASE_STRIP = NO;
				DEBUG_INFORMATION_FORMAT = dwarf;
				ENABLE_STRICT_OBJC_MSGSEND = YES;
				ENABLE_TESTABILITY = YES;
				GCC_C_LANGUAGE_STANDARD = gnu11;
				GCC_DYNAMIC_NO_PIC = NO;
				GCC_NO_COMMON_BLOCKS = YES;
				GCC_OPTIMIZATION_LEVEL = 0;
				GCC_PREPROCESSOR_DEFINITIONS = (
					"DEBUG=1",
					"$(inherited)",
				);
				GCC_WARN_64_TO_32_BIT_CONVERSION = YES;
				GCC_WARN_ABOUT_RETURN_TYPE = YES_ERROR;
				GCC_WARN_UNDECLARED_SELECTOR = YES;
				GCC_WARN_UNINITIALIZED_AUTOS = YES_AGGRESSIVE;
				GCC_WARN_UNUSED_FUNCTION = YES;
				GCC_WARN_UNUSED_VARIABLE = YES;
				IPHONEOS_DEPLOYMENT_TARGET = 15.2;
				MTL_ENABLE_DEBUG_INFO = INCLUDE_SOURCE;
				MTL_FAST_MATH = YES;
				ONLY_ACTIVE_ARCH = YES;
				SDKROOT = iphoneos;
				SWIFT_ACTIVE_COMPILATION_CONDITIONS = DEBUG;
				SWIFT_OPTIMIZATION_LEVEL = "-Onone";
			};
			name = Debug;
		};
		5D0217B427FB37B1005EB7B2 /* Release */ = {
			isa = XCBuildConfiguration;
			buildSettings = {
				ALWAYS_SEARCH_USER_PATHS = NO;
				CLANG_ANALYZER_NONNULL = YES;
				CLANG_ANALYZER_NUMBER_OBJECT_CONVERSION = YES_AGGRESSIVE;
				CLANG_CXX_LANGUAGE_STANDARD = "gnu++17";
				CLANG_CXX_LIBRARY = "libc++";
				CLANG_ENABLE_MODULES = YES;
				CLANG_ENABLE_OBJC_ARC = YES;
				CLANG_ENABLE_OBJC_WEAK = YES;
				CLANG_WARN_BLOCK_CAPTURE_AUTORELEASING = YES;
				CLANG_WARN_BOOL_CONVERSION = YES;
				CLANG_WARN_COMMA = YES;
				CLANG_WARN_CONSTANT_CONVERSION = YES;
				CLANG_WARN_DEPRECATED_OBJC_IMPLEMENTATIONS = YES;
				CLANG_WARN_DIRECT_OBJC_ISA_USAGE = YES_ERROR;
				CLANG_WARN_DOCUMENTATION_COMMENTS = YES;
				CLANG_WARN_EMPTY_BODY = YES;
				CLANG_WARN_ENUM_CONVERSION = YES;
				CLANG_WARN_INFINITE_RECURSION = YES;
				CLANG_WARN_INT_CONVERSION = YES;
				CLANG_WARN_NON_LITERAL_NULL_CONVERSION = YES;
				CLANG_WARN_OBJC_IMPLICIT_RETAIN_SELF = YES;
				CLANG_WARN_OBJC_LITERAL_CONVERSION = YES;
				CLANG_WARN_OBJC_ROOT_CLASS = YES_ERROR;
				CLANG_WARN_QUOTED_INCLUDE_IN_FRAMEWORK_HEADER = YES;
				CLANG_WARN_RANGE_LOOP_ANALYSIS = YES;
				CLANG_WARN_STRICT_PROTOTYPES = YES;
				CLANG_WARN_SUSPICIOUS_MOVE = YES;
				CLANG_WARN_UNGUARDED_AVAILABILITY = YES_AGGRESSIVE;
				CLANG_WARN_UNREACHABLE_CODE = YES;
				CLANG_WARN__DUPLICATE_METHOD_MATCH = YES;
				COPY_PHASE_STRIP = NO;
				DEBUG_INFORMATION_FORMAT = "dwarf-with-dsym";
				ENABLE_NS_ASSERTIONS = NO;
				ENABLE_STRICT_OBJC_MSGSEND = YES;
				GCC_C_LANGUAGE_STANDARD = gnu11;
				GCC_NO_COMMON_BLOCKS = YES;
				GCC_WARN_64_TO_32_BIT_CONVERSION = YES;
				GCC_WARN_ABOUT_RETURN_TYPE = YES_ERROR;
				GCC_WARN_UNDECLARED_SELECTOR = YES;
				GCC_WARN_UNINITIALIZED_AUTOS = YES_AGGRESSIVE;
				GCC_WARN_UNUSED_FUNCTION = YES;
				GCC_WARN_UNUSED_VARIABLE = YES;
				IPHONEOS_DEPLOYMENT_TARGET = 15.2;
				MTL_ENABLE_DEBUG_INFO = NO;
				MTL_FAST_MATH = YES;
				SDKROOT = iphoneos;
				SWIFT_COMPILATION_MODE = wholemodule;
				SWIFT_OPTIMIZATION_LEVEL = "-O";
				VALIDATE_PRODUCT = YES;
			};
			name = Release;
		};
		5D0217B627FB37B1005EB7B2 /* Debug */ = {
			isa = XCBuildConfiguration;
			baseConfigurationReference = 68134E2395D458A327DC0AF1 /* Pods-19CafeApp.debug.xcconfig */;
			buildSettings = {
				ASSETCATALOG_COMPILER_APPICON_NAME = AppIcon;
				ASSETCATALOG_COMPILER_GLOBAL_ACCENT_COLOR_NAME = AccentColor;
				CODE_SIGN_STYLE = Automatic;
				CURRENT_PROJECT_VERSION = 1;
				GENERATE_INFOPLIST_FILE = YES;
				INFOPLIST_FILE = 19CafeApp/Info.plist;
				INFOPLIST_KEY_UIApplicationSupportsIndirectInputEvents = YES;
				INFOPLIST_KEY_UILaunchStoryboardName = LaunchScreen;
				INFOPLIST_KEY_UIMainStoryboardFile = Main;
				INFOPLIST_KEY_UISupportedInterfaceOrientations_iPad = "UIInterfaceOrientationPortrait UIInterfaceOrientationPortraitUpsideDown UIInterfaceOrientationLandscapeLeft UIInterfaceOrientationLandscapeRight";
				INFOPLIST_KEY_UISupportedInterfaceOrientations_iPhone = "UIInterfaceOrientationPortrait UIInterfaceOrientationLandscapeLeft UIInterfaceOrientationLandscapeRight";
				LD_RUNPATH_SEARCH_PATHS = (
					"$(inherited)",
					"@executable_path/Frameworks",
				);
				MARKETING_VERSION = 1.0;
				PRODUCT_BUNDLE_IDENTIFIER = "com.study.-9CafeApp";
				PRODUCT_NAME = "$(TARGET_NAME)";
				SWIFT_EMIT_LOC_STRINGS = YES;
				SWIFT_VERSION = 5.0;
				TARGETED_DEVICE_FAMILY = "1,2";
			};
			name = Debug;
		};
		5D0217B727FB37B1005EB7B2 /* Release */ = {
			isa = XCBuildConfiguration;
			baseConfigurationReference = 8623EF8984C6B54040621935 /* Pods-19CafeApp.release.xcconfig */;
			buildSettings = {
				ASSETCATALOG_COMPILER_APPICON_NAME = AppIcon;
				ASSETCATALOG_COMPILER_GLOBAL_ACCENT_COLOR_NAME = AccentColor;
				CODE_SIGN_STYLE = Automatic;
				CURRENT_PROJECT_VERSION = 1;
				GENERATE_INFOPLIST_FILE = YES;
				INFOPLIST_FILE = 19CafeApp/Info.plist;
				INFOPLIST_KEY_UIApplicationSupportsIndirectInputEvents = YES;
				INFOPLIST_KEY_UILaunchStoryboardName = LaunchScreen;
				INFOPLIST_KEY_UIMainStoryboardFile = Main;
				INFOPLIST_KEY_UISupportedInterfaceOrientations_iPad = "UIInterfaceOrientationPortrait UIInterfaceOrientationPortraitUpsideDown UIInterfaceOrientationLandscapeLeft UIInterfaceOrientationLandscapeRight";
				INFOPLIST_KEY_UISupportedInterfaceOrientations_iPhone = "UIInterfaceOrientationPortrait UIInterfaceOrientationLandscapeLeft UIInterfaceOrientationLandscapeRight";
				LD_RUNPATH_SEARCH_PATHS = (
					"$(inherited)",
					"@executable_path/Frameworks",
				);
				MARKETING_VERSION = 1.0;
				PRODUCT_BUNDLE_IDENTIFIER = "com.study.-9CafeApp";
				PRODUCT_NAME = "$(TARGET_NAME)";
				SWIFT_EMIT_LOC_STRINGS = YES;
				SWIFT_VERSION = 5.0;
				TARGETED_DEVICE_FAMILY = "1,2";
			};
			name = Release;
		};
/* End XCBuildConfiguration section */

/* Begin XCConfigurationList section */
		5D02179C27FB37AC005EB7B2 /* Build configuration list for PBXProject "19CafeApp" */ = {
			isa = XCConfigurationList;
			buildConfigurations = (
				5D0217B327FB37B1005EB7B2 /* Debug */,
				5D0217B427FB37B1005EB7B2 /* Release */,
			);
			defaultConfigurationIsVisible = 0;
			defaultConfigurationName = Release;
		};
		5D0217B527FB37B1005EB7B2 /* Build configuration list for PBXNativeTarget "19CafeApp" */ = {
			isa = XCConfigurationList;
			buildConfigurations = (
				5D0217B627FB37B1005EB7B2 /* Debug */,
				5D0217B727FB37B1005EB7B2 /* Release */,
			);
			defaultConfigurationIsVisible = 0;
			defaultConfigurationName = Release;
		};
/* End XCConfigurationList section */
	};
	rootObject = 5D02179927FB37AC005EB7B2 /* Project object */;
}
